
Microsoft Visual Studio Solution File, Format Version 12.00
# Visual Studio Version 17
VisualStudioVersion = 17.1.31911.260
MinimumVisualStudioVersion = 10.0.40219.1
Project("{9A19103F-16F7-4668-BE54-9A1E7A4F7556}") = "FileConverter", "FileConverter\FileConverter.csproj", "{136E3B61-1F7B-453A-AD63-978143C22D65}"
EndProject
Project("{9A19103F-16F7-4668-BE54-9A1E7A4F7556}") = "FileConverter.Console", "FileConverter.Console\FileConverter.Console.csproj", "{440FE313-C6BA-438F-BC01-359893322F20}"
EndProject
Project("{FAE04EC0-301F-11D3-BF4B-00C04F79EFBC}") = "FileConverter.Tests", "FileConverter.Tests\FileConverter.Tests.csproj", "{AA87BF52-AAA2-4551-963F-45752429E5E7}"
EndProject
Global
	GlobalSection(SolutionConfigurationPlatforms) = preSolution
		Debug|Any CPU = Debug|Any CPU
		Release|Any CPU = Release|Any CPU
	EndGlobalSection
	GlobalSection(ProjectConfigurationPlatforms) = postSolution
		{136E3B61-1F7B-453A-AD63-978143C22D65}.Debug|Any CPU.ActiveCfg = Debug|Any CPU
		{136E3B61-1F7B-453A-AD63-978143C22D65}.Debug|Any CPU.Build.0 = Debug|Any CPU
		{136E3B61-1F7B-453A-AD63-978143C22D65}.Release|Any CPU.ActiveCfg = Release|Any CPU
		{136E3B61-1F7B-453A-AD63-978143C22D65}.Release|Any CPU.Build.0 = Release|Any CPU
		{440FE313-C6BA-438F-BC01-359893322F20}.Debug|Any CPU.ActiveCfg = Debug|Any CPU
		{440FE313-C6BA-438F-BC01-359893322F20}.Debug|Any CPU.Build.0 = Debug|Any CPU
		{440FE313-C6BA-438F-BC01-359893322F20}.Release|Any CPU.ActiveCfg = Release|Any CPU
		{440FE313-C6BA-438F-BC01-359893322F20}.Release|Any CPU.Build.0 = Release|Any CPU
		{AA87BF52-AAA2-4551-963F-45752429E5E7}.Debug|Any CPU.ActiveCfg = Debug|Any CPU
		{AA87BF52-AAA2-4551-963F-45752429E5E7}.Debug|Any CPU.Build.0 = Debug|Any CPU
		{AA87BF52-AAA2-4551-963F-45752429E5E7}.Release|Any CPU.ActiveCfg = Release|Any CPU
		{AA87BF52-AAA2-4551-963F-45752429E5E7}.Release|Any CPU.Build.0 = Release|Any CPU
	EndGlobalSection
	GlobalSection(SolutionProperties) = preSolution
		HideSolutionNode = FALSE
	EndGlobalSection
	GlobalSection(ExtensibilityGlobals) = postSolution
		SolutionGuid = {29170399-10C0-4038-96A9-C0D88B6C83FE}
	EndGlobalSection
EndGlobal
